# This file is automatically @generated by Cargo.
# It is not intended for manual editing.
version = 4

[[package]]
name = "applevisor"
version = "1.0.0"
source = "registry+https://github.com/rust-lang/crates.io-index"
checksum = "139a0fe60afd3e8c3a42fc0265caf4eb04b84a8b760623f7a6229174c18e4e36"
dependencies = [
 "applevisor-sys",
]

[[package]]
name = "applevisor-sys"
version = "1.0.0"
source = "registry+https://github.com/rust-lang/crates.io-index"
checksum = "14ae37676989768c5b21414857b782a5e513d93129cda34854f5f78c423a63be"
dependencies = [
 "libc",
]

[[package]]
name = "libc"
version = "0.2.186"
source = "registry+https://github.com/rust-lang/crates.io-index"
checksum = "68ab91017fe16c622486840e4c83c9a37afeff978bd239b5293d61ece587de66"

[[package]]
name = "varmint"
version = "0.1.0"
dependencies = [
 "applevisor",
]
